<?xml version="1.0" encoding="utf-8"?>
<Project ToolsVersion="4.0" xmlns="http://schemas.microsoft.com/developer/msbuild/2003">
  <ItemGroup>
    <Filter Include="Game">
      <UniqueIdentifier>{55df6a39-e263-4d7c-9fe7-cfeb901d325b}</UniqueIdentifier>
    </Filter>
    <Filter Include="Engine">
      <UniqueIdentifier>{1d0121ab-2db7-4924-813e-f2242cca3d8e}</UniqueIdentifier>
    </Filter>
  </ItemGroup>
  <ItemGroup>
    <ClCompile Include="Main.cpp">
      <Filter>Game</Filter>
    </ClCompile>
    <ClCompile Include="Actor.cpp" />
    <ClCompile Include="AnimSpriteComponent.cpp" />
    <ClCompile Include="Assets.cpp" />
    <ClCompile Include="AudioComponent.cpp" />
    <ClCompile Include="AudioSystem.cpp" />
    <ClCompile Include="BackgroundSpriteComponent.cpp" />
    <ClCompile Include="CameraComponent.cpp" />
    <ClCompile Include="CircleCollisionComponent.cpp" />
    <ClCompile Include="Component.cpp" />
    <ClCompile Include="ControllerState.cpp" />
    <ClCompile Include="Cube.cpp" />
    <ClCompile Include="FollowActor.cpp" />
    <ClCompile Include="FollowCameraComponent.cpp" />
    <ClCompile Include="FPSActor.cpp" />
    <ClCompile Include="FPSCameraComponent.cpp" />
    <ClCompile Include="Game.cpp" />
    <ClCompile Include="InputComponent.cpp" />
    <ClCompile Include="InputSystem.cpp" />
    <ClCompile Include="KeyboardState.cpp" />
    <ClCompile Include="Log.cpp" />
    <ClCompile Include="Matrix4.cpp" />
    <ClCompile Include="Mesh.cpp" />
    <ClCompile Include="MeshComponent.cpp" />
    <ClCompile Include="MouseState.cpp" />
    <ClCompile Include="MoveComponent.cpp" />
    <ClCompile Include="Plane.cpp" />
    <ClCompile Include="Quaternion.cpp" />
    <ClCompile Include="Random.cpp" />
    <ClCompile Include="Rectangle.cpp" />
    <ClCompile Include="RendererOGL.cpp" />
    <ClCompile Include="Shader.cpp" />
    <ClCompile Include="SoundEvent.cpp" />
    <ClCompile Include="Sphere.cpp" />
    <ClCompile Include="SpriteComponent.cpp" />
    <ClCompile Include="Texture.cpp" />
    <ClCompile Include="Timer.cpp" />
    <ClCompile Include="Vector2.cpp" />
    <ClCompile Include="Vector3.cpp" />
    <ClCompile Include="VertexArray.cpp" />
    <ClCompile Include="Window.cpp" />
  </ItemGroup>
  <ItemGroup>
    <ClInclude Include="Actor.h" />
    <ClInclude Include="AnimSpriteComponent.h" />
    <ClInclude Include="Assets.h" />
    <ClInclude Include="AudioComponent.h" />
    <ClInclude Include="AudioSystem.h" />
    <ClInclude Include="BackgroundSpriteComponent.h" />
    <ClInclude Include="CameraComponent.h" />
    <ClInclude Include="CircleCollisionComponent.h" />
    <ClInclude Include="Component.h" />
    <ClInclude Include="ControllerState.h" />
    <ClInclude Include="Cube.h" />
    <ClInclude Include="DirectionalLight.h" />
    <ClInclude Include="FollowActor.h" />
    <ClInclude Include="FollowCameraComponent.h" />
    <ClInclude Include="FPSActor.h" />
    <ClInclude Include="FPSCameraComponent.h" />
    <ClInclude Include="Game.h" />
    <ClInclude Include="InputComponent.h" />
    <ClInclude Include="InputSystem.h" />
    <ClInclude Include="IRenderer.h" />
    <ClInclude Include="KeyboardState.h" />
    <ClInclude Include="Log.h" />
    <ClInclude Include="Maths.h" />
    <ClInclude Include="Matrix4.h" />
    <ClInclude Include="Mesh.h" />
    <ClInclude Include="MeshComponent.h" />
    <ClInclude Include="MouseState.h" />
    <ClInclude Include="MoveComponent.h" />
    <ClInclude Include="Plane.h" />
    <ClInclude Include="Quaternion.h" />
    <ClInclude Include="Random.h" />
    <ClInclude Include="Rectangle.h" />
    <ClInclude Include="RendererOGL.h" />
    <ClInclude Include="Shader.h" />
    <ClInclude Include="SoundEvent.h" />
    <ClInclude Include="Sphere.h" />
    <ClInclude Include="SpriteComponent.h" />
    <ClInclude Include="Texture.h" />
    <ClInclude Include="Timer.h" />
    <ClInclude Include="Vector2.h" />
    <ClInclude Include="Vector3.h" />
    <ClInclude Include="VertexArray.h" />
    <ClInclude Include="Window.h" />
  </ItemGroup>
</Project>